
Microsoft Visual Studio Solution File, Format Version 12.00
# Visual Studio Version 17
VisualStudioVersion = 17.5.002.0
MinimumVisualStudioVersion = 10.0.40219.1
Project("{2150E333-8FDC-42A3-9474-1A3956D46DE8}") = "csharp-prep", "csharp-prep", "{B40C47CD-7808-47D2-A49E-D3F8D26B7C54}"
EndProject
Project("{9A19103F-16F7-4668-BE54-9A1E7A4F7556}") = "Prep1", "csharp-prep\Prep1\Prep1.csproj", "{307E05D4-1533-4F10-93F0-58AD6708ABC5}"
EndProject
Project("{9A19103F-16F7-4668-BE54-9A1E7A4F7556}") = "Prep2", "csharp-prep\Prep2\Prep2.csproj", "{4A90DC8D-D78A-420D-9699-612019FB216A}"
EndProject
Project("{9A19103F-16F7-4668-BE54-9A1E7A4F7556}") = "Prep3", "csharp-prep\Prep3\Prep3.csproj", "{DA23A156-4090-427D-99F8-9BC42BD11E2B}"
EndProject
Project("{9A19103F-16F7-4668-BE54-9A1E7A4F7556}") = "Prep4", "csharp-prep\Prep4\Prep4.csproj", "{22B9AC48-055D-4356-AB53-43EA3EF2D2D4}"
EndProject
Project("{9A19103F-16F7-4668-BE54-9A1E7A4F7556}") = "Prep5", "csharp-prep\Prep5\Prep5.csproj", "{1F2EB83B-62BD-4FF0-9E39-3F44C339FFD9}"
EndProject
Project("{2150E333-8FDC-42A3-9474-1A3956D46DE8}") = "final", "final", "{0EA86D46-E3A3-4DEC-8CCA-938C50054CE2}"
EndProject
Project("{9A19103F-16F7-4668-BE54-9A1E7A4F7556}") = "FinalProject", "final\FinalProject\FinalProject.csproj", "{F5B43A51-66B0-4C0D-A245-6867A260A48B}"
EndProject
Project("{9A19103F-16F7-4668-BE54-9A1E7A4F7556}") = "Foundation1", "final\Foundation1\Foundation1.csproj", "{606CA336-491A-4562-B272-3908453A6EB4}"
EndProject
Project("{9A19103F-16F7-4668-BE54-9A1E7A4F7556}") = "Foundation2", "final\Foundation2\Foundation2.csproj", "{D30183F4-B012-46EE-9D31-53707CAD4625}"
EndProject
Project("{9A19103F-16F7-4668-BE54-9A1E7A4F7556}") = "Foundation3", "final\Foundation3\Foundation3.csproj", "{92654B02-F6E0-4298-97AE-ABF13107E50A}"
EndProject
Project("{9A19103F-16F7-4668-BE54-9A1E7A4F7556}") = "Foundation4", "final\Foundation4\Foundation4.csproj", "{1E6A8B21-5C88-4BB8-94D8-DBF6A0B5A3C3}"
EndProject
Project("{2150E333-8FDC-42A3-9474-1A3956D46DE8}") = "prepare", "prepare", "{3AF518CA-418F-4A5D-8D13-94151E4C0E4F}"
EndProject
Project("{9A19103F-16F7-4668-BE54-9A1E7A4F7556}") = "Learning02", "prepare\Learning02\Learning02.csproj", "{7E212228-DF40-466C-8DE4-7A713861ED84}"
EndProject
Project("{9A19103F-16F7-4668-BE54-9A1E7A4F7556}") = "Learning03", "prepare\Learning03\Learning03.csproj", "{59056325-882B-4EC1-B3F5-246B9BE6CAEE}"
EndProject
Project("{9A19103F-16F7-4668-BE54-9A1E7A4F7556}") = "Learning04", "prepare\Learning04\Learning04.csproj", "{AEA9913A-FEE5-4C5A-AC06-AC267FA9C8BC}"
EndProject
Project("{9A19103F-16F7-4668-BE54-9A1E7A4F7556}") = "Learning05", "prepare\Learning05\Learning05.csproj", "{440CE349-B48E-40EC-8E3B-D8E73A32B66D}"
EndProject
Project("{2150E333-8FDC-42A3-9474-1A3956D46DE8}") = "prove", "prove", "{1133154A-284F-4019-BF5C-5DEE783AC240}"
EndProject
Project("{9A19103F-16F7-4668-BE54-9A1E7A4F7556}") = "Develop02", "prove\Develop02\Develop02.csproj", "{498C7990-1A62-4851-AE5C-5C55AC115BCF}"
EndProject
Project("{9A19103F-16F7-4668-BE54-9A1E7A4F7556}") = "Develop03", "prove\Develop03\Develop03.csproj", "{6B036A6F-1E29-4FD7-A19B-4AA5ACD67291}"
EndProject
Project("{9A19103F-16F7-4668-BE54-9A1E7A4F7556}") = "Develop04", "prove\Develop04\Develop04.csproj", "{F76AB36A-3816-4247-8F90-235ED6264923}"
EndProject
Project("{9A19103F-16F7-4668-BE54-9A1E7A4F7556}") = "Develop05", "prove\Develop05\Develop05.csproj", "{78F91D2B-5D74-4C82-B399-CB4BAD197BBB}"
EndProject
Project("{2150E333-8FDC-42A3-9474-1A3956D46DE8}") = "sandbox", "sandbox", "{5565A98D-B99A-4B93-BE67-2981B3AFD0CB}"
EndProject
Project("{9A19103F-16F7-4668-BE54-9A1E7A4F7556}") = "Sandbox", "sandbox\Sandbox\Sandbox.csproj", "{FE4605DD-C1D6-43F5-9E68-FDE830D41A3F}"
EndProject
Global
	GlobalSection(SolutionConfigurationPlatforms) = preSolution
		Debug|Any CPU = Debug|Any CPU
		Release|Any CPU = Release|Any CPU
	EndGlobalSection
	GlobalSection(ProjectConfigurationPlatforms) = postSolution
		{307E05D4-1533-4F10-93F0-58AD6708ABC5}.Debug|Any CPU.ActiveCfg = Debug|Any CPU
		{307E05D4-1533-4F10-93F0-58AD6708ABC5}.Debug|Any CPU.Build.0 = Debug|Any CPU
		{307E05D4-1533-4F10-93F0-58AD6708ABC5}.Release|Any CPU.ActiveCfg = Release|Any CPU
		{307E05D4-1533-4F10-93F0-58AD6708ABC5}.Release|Any CPU.Build.0 = Release|Any CPU
		{4A90DC8D-D78A-420D-9699-612019FB216A}.Debug|Any CPU.ActiveCfg = Debug|Any CPU
		{4A90DC8D-D78A-420D-9699-612019FB216A}.Debug|Any CPU.Build.0 = Debug|Any CPU
		{4A90DC8D-D78A-420D-9699-612019FB216A}.Release|Any CPU.ActiveCfg = Release|Any CPU
		{4A90DC8D-D78A-420D-9699-612019FB216A}.Release|Any CPU.Build.0 = Release|Any CPU
		{DA23A156-4090-427D-99F8-9BC42BD11E2B}.Debug|Any CPU.ActiveCfg = Debug|Any CPU
		{DA23A156-4090-427D-99F8-9BC42BD11E2B}.Debug|Any CPU.Build.0 = Debug|Any CPU
		{DA23A156-4090-427D-99F8-9BC42BD11E2B}.Release|Any CPU.ActiveCfg = Release|Any CPU
		{DA23A156-4090-427D-99F8-9BC42BD11E2B}.Release|Any CPU.Build.0 = Release|Any CPU
		{22B9AC48-055D-4356-AB53-43EA3EF2D2D4}.Debug|Any CPU.ActiveCfg = Debug|Any CPU
		{22B9AC48-055D-4356-AB53-43EA3EF2D2D4}.Debug|Any CPU.Build.0 = Debug|Any CPU
		{22B9AC48-055D-4356-AB53-43EA3EF2D2D4}.Release|Any CPU.ActiveCfg = Release|Any CPU
		{22B9AC48-055D-4356-AB53-43EA3EF2D2D4}.Release|Any CPU.Build.0 = Release|Any CPU
		{1F2EB83B-62BD-4FF0-9E39-3F44C339FFD9}.Debug|Any CPU.ActiveCfg = Debug|Any CPU
		{1F2EB83B-62BD-4FF0-9E39-3F44C339FFD9}.Debug|Any CPU.Build.0 = Debug|Any CPU
		{1F2EB83B-62BD-4FF0-9E39-3F44C339FFD9}.Release|Any CPU.ActiveCfg = Release|Any CPU
		{1F2EB83B-62BD-4FF0-9E39-3F44C339FFD9}.Release|Any CPU.Build.0 = Release|Any CPU
		{F5B43A51-66B0-4C0D-A245-6867A260A48B}.Debug|Any CPU.ActiveCfg = Debug|Any CPU
		{F5B43A51-66B0-4C0D-A245-6867A260A48B}.Debug|Any CPU.Build.0 = Debug|Any CPU
		{F5B43A51-66B0-4C0D-A245-6867A260A48B}.Release|Any CPU.ActiveCfg = Release|Any CPU
		{F5B43A51-66B0-4C0D-A245-6867A260A48B}.Release|Any CPU.Build.0 = Release|Any CPU
		{606CA336-491A-4562-B272-3908453A6EB4}.Debug|Any CPU.ActiveCfg = Debug|Any CPU
		{606CA336-491A-4562-B272-3908453A6EB4}.Debug|Any CPU.Build.0 = Debug|Any CPU
		{606CA336-491A-4562-B272-3908453A6EB4}.Release|Any CPU.ActiveCfg = Release|Any CPU
		{606CA336-491A-4562-B272-3908453A6EB4}.Release|Any CPU.Build.0 = Release|Any CPU
		{D30183F4-B012-46EE-9D31-53707CAD4625}.Debug|Any CPU.ActiveCfg = Debug|Any CPU
		{D30183F4-B012-46EE-9D31-53707CAD4625}.Debug|Any CPU.Build.0 = Debug|Any CPU
		{D30183F4-B012-46EE-9D31-53707CAD4625}.Release|Any CPU.ActiveCfg = Release|Any CPU
		{D30183F4-B012-46EE-9D31-53707CAD4625}.Release|Any CPU.Build.0 = Release|Any CPU
		{92654B02-F6E0-4298-97AE-ABF13107E50A}.Debug|Any CPU.ActiveCfg = Debug|Any CPU
		{92654B02-F6E0-4298-97AE-ABF13107E50A}.Debug|Any CPU.Build.0 = Debug|Any CPU
		{92654B02-F6E0-4298-97AE-ABF13107E50A}.Release|Any CPU.ActiveCfg = Release|Any CPU
		{92654B02-F6E0-4298-97AE-ABF13107E50A}.Release|Any CPU.Build.0 = Release|Any CPU
		{1E6A8B21-5C88-4BB8-94D8-DBF6A0B5A3C3}.Debug|Any CPU.ActiveCfg = Debug|Any CPU
		{1E6A8B21-5C88-4BB8-94D8-DBF6A0B5A3C3}.Debug|Any CPU.Build.0 = Debug|Any CPU
		{1E6A8B21-5C88-4BB8-94D8-DBF6A0B5A3C3}.Release|Any CPU.ActiveCfg = Release|Any CPU
		{1E6A8B21-5C88-4BB8-94D8-DBF6A0B5A3C3}.Release|Any CPU.Build.0 = Release|Any CPU
		{7E212228-DF40-466C-8DE4-7A713861ED84}.Debug|Any CPU.ActiveCfg = Debug|Any CPU
		{7E212228-DF40-466C-8DE4-7A713861ED84}.Debug|Any CPU.Build.0 = Debug|Any CPU
		{7E212228-DF40-466C-8DE4-7A713861ED84}.Release|Any CPU.ActiveCfg = Release|Any CPU
		{7E212228-DF40-466C-8DE4-7A713861ED84}.Release|Any CPU.Build.0 = Release|Any CPU
		{59056325-882B-4EC1-B3F5-246B9BE6CAEE}.Debug|Any CPU.ActiveCfg = Debug|Any CPU
		{59056325-882B-4EC1-B3F5-246B9BE6CAEE}.Debug|Any CPU.Build.0 = Debug|Any CPU
		{59056325-882B-4EC1-B3F5-246B9BE6CAEE}.Release|Any CPU.ActiveCfg = Release|Any CPU
		{59056325-882B-4EC1-B3F5-246B9BE6CAEE}.Release|Any CPU.Build.0 = Release|Any CPU
		{AEA9913A-FEE5-4C5A-AC06-AC267FA9C8BC}.Debug|Any CPU.ActiveCfg = Debug|Any CPU
		{AEA9913A-FEE5-4C5A-AC06-AC267FA9C8BC}.Debug|Any CPU.Build.0 = Debug|Any CPU
		{AEA9913A-FEE5-4C5A-AC06-AC267FA9C8BC}.Release|Any CPU.ActiveCfg = Release|Any CPU
		{AEA9913A-FEE5-4C5A-AC06-AC267FA9C8BC}.Release|Any CPU.Build.0 = Release|Any CPU
		{440CE349-B48E-40EC-8E3B-D8E73A32B66D}.Debug|Any CPU.ActiveCfg = Debug|Any CPU
		{440CE349-B48E-40EC-8E3B-D8E73A32B66D}.Debug|Any CPU.Build.0 = Debug|Any CPU
		{440CE349-B48E-40EC-8E3B-D8E73A32B66D}.Release|Any CPU.ActiveCfg = Release|Any CPU
		{440CE349-B48E-40EC-8E3B-D8E73A32B66D}.Release|Any CPU.Build.0 = Release|Any CPU
		{498C7990-1A62-4851-AE5C-5C55AC115BCF}.Debug|Any CPU.ActiveCfg = Debug|Any CPU
		{498C7990-1A62-4851-AE5C-5C55AC115BCF}.Debug|Any CPU.Build.0 = Debug|Any CPU
		{498C7990-1A62-4851-AE5C-5C55AC115BCF}.Release|Any CPU.ActiveCfg = Release|Any CPU
		{498C7990-1A62-4851-AE5C-5C55AC115BCF}.Release|Any CPU.Build.0 = Release|Any CPU
		{6B036A6F-1E29-4FD7-A19B-4AA5ACD67291}.Debug|Any CPU.ActiveCfg = Debug|Any CPU
		{6B036A6F-1E29-4FD7-A19B-4AA5ACD67291}.Debug|Any CPU.Build.0 = Debug|Any CPU
		{6B036A6F-1E29-4FD7-A19B-4AA5ACD67291}.Release|Any CPU.ActiveCfg = Release|Any CPU
		{6B036A6F-1E29-4FD7-A19B-4AA5ACD67291}.Release|Any CPU.Build.0 = Release|Any CPU
		{F76AB36A-3816-4247-8F90-235ED6264923}.Debug|Any CPU.ActiveCfg = Debug|Any CPU
		{F76AB36A-3816-4247-8F90-235ED6264923}.Debug|Any CPU.Build.0 = Debug|Any CPU
		{F76AB36A-3816-4247-8F90-235ED6264923}.Release|Any CPU.ActiveCfg = Release|Any CPU
		{F76AB36A-3816-4247-8F90-235ED6264923}.Release|Any CPU.Build.0 = Release|Any CPU
		{78F91D2B-5D74-4C82-B399-CB4BAD197BBB}.Debug|Any CPU.ActiveCfg = Debug|Any CPU
		{78F91D2B-5D74-4C82-B399-CB4BAD197BBB}.Debug|Any CPU.Build.0 = Debug|Any CPU
		{78F91D2B-5D74-4C82-B399-CB4BAD197BBB}.Release|Any CPU.ActiveCfg = Release|Any CPU
		{78F91D2B-5D74-4C82-B399-CB4BAD197BBB}.Release|Any CPU.Build.0 = Release|Any CPU
		{FE4605DD-C1D6-43F5-9E68-FDE830D41A3F}.Debug|Any CPU.ActiveCfg = Debug|Any CPU
		{FE4605DD-C1D6-43F5-9E68-FDE830D41A3F}.Debug|Any CPU.Build.0 = Debug|Any CPU
		{FE4605DD-C1D6-43F5-9E68-FDE830D41A3F}.Release|Any CPU.ActiveCfg = Release|Any CPU
		{FE4605DD-C1D6-43F5-9E68-FDE830D41A3F}.Release|Any CPU.Build.0 = Release|Any CPU
	EndGlobalSection
	GlobalSection(SolutionProperties) = preSolution
		HideSolutionNode = FALSE
	EndGlobalSection
	GlobalSection(NestedProjects) = preSolution
		{307E05D4-1533-4F10-93F0-58AD6708ABC5} = {B40C47CD-7808-47D2-A49E-D3F8D26B7C54}
		{4A90DC8D-D78A-420D-9699-612019FB216A} = {B40C47CD-7808-47D2-A49E-D3F8D26B7C54}
		{DA23A156-4090-427D-99F8-9BC42BD11E2B} = {B40C47CD-7808-47D2-A49E-D3F8D26B7C54}
		{22B9AC48-055D-4356-AB53-43EA3EF2D2D4} = {B40C47CD-7808-47D2-A49E-D3F8D26B7C54}
		{1F2EB83B-62BD-4FF0-9E39-3F44C339FFD9} = {B40C47CD-7808-47D2-A49E-D3F8D26B7C54}
		{F5B43A51-66B0-4C0D-A245-6867A260A48B} = {0EA86D46-E3A3-4DEC-8CCA-938C50054CE2}
		{606CA336-491A-4562-B272-3908453A6EB4} = {0EA86D46-E3A3-4DEC-8CCA-938C50054CE2}
		{D30183F4-B012-46EE-9D31-53707CAD4625} = {0EA86D46-E3A3-4DEC-8CCA-938C50054CE2}
		{92654B02-F6E0-4298-97AE-ABF13107E50A} = {0EA86D46-E3A3-4DEC-8CCA-938C50054CE2}
		{1E6A8B21-5C88-4BB8-94D8-DBF6A0B5A3C3} = {0EA86D46-E3A3-4DEC-8CCA-938C50054CE2}
		{7E212228-DF40-466C-8DE4-7A713861ED84} = {3AF518CA-418F-4A5D-8D13-94151E4C0E4F}
		{59056325-882B-4EC1-B3F5-246B9BE6CAEE} = {3AF518CA-418F-4A5D-8D13-94151E4C0E4F}
		{AEA9913A-FEE5-4C5A-AC06-AC267FA9C8BC} = {3AF518CA-418F-4A5D-8D13-94151E4C0E4F}
		{440CE349-B48E-40EC-8E3B-D8E73A32B66D} = {3AF518CA-418F-4A5D-8D13-94151E4C0E4F}
		{498C7990-1A62-4851-AE5C-5C55AC115BCF} = {1133154A-284F-4019-BF5C-5DEE783AC240}
		{6B036A6F-1E29-4FD7-A19B-4AA5ACD67291} = {1133154A-284F-4019-BF5C-5DEE783AC240}
		{F76AB36A-3816-4247-8F90-235ED6264923} = {1133154A-284F-4019-BF5C-5DEE783AC240}
		{78F91D2B-5D74-4C82-B399-CB4BAD197BBB} = {1133154A-284F-4019-BF5C-5DEE783AC240}
		{FE4605DD-C1D6-43F5-9E68-FDE830D41A3F} = {5565A98D-B99A-4B93-BE67-2981B3AFD0CB}
	EndGlobalSection
	GlobalSection(ExtensibilityGlobals) = postSolution
		SolutionGuid = {A3C33E25-CAE4-4F8B-8D5F-0CC6C5C06C80}
	EndGlobalSection
EndGlobal
